
Microsoft Visual Studio Solution File, Format Version 12.00
# Visual Studio Version 17
VisualStudioVersion = 17.2.32630.192
MinimumVisualStudioVersion = 10.0.40219.1
Project("{9A19103F-16F7-4668-BE54-9A1E7A4F7556}") = "MSA-Phase2-Backend", "MSA-Phase2-Backend\MSA-Phase2-Backend.csproj", "{81D95A39-A440-4F7D-A221-E425D8A56698}"
EndProject
Project("{FAE04EC0-301F-11D3-BF4B-00C04F79EFBC}") = "SectionThree.Test1", "SectionThree.Test1\SectionThree.Test1.csproj", "{5A0F61D2-8003-41E3-8AB2-5F1711079268}"
EndProject
Global
	GlobalSection(SolutionConfigurationPlatforms) = preSolution
		Debug|Any CPU = Debug|Any CPU
		Release|Any CPU = Release|Any CPU
	EndGlobalSection
	GlobalSection(ProjectConfigurationPlatforms) = postSolution
		{81D95A39-A440-4F7D-A221-E425D8A56698}.Debug|Any CPU.ActiveCfg = Debug|Any CPU
		{81D95A39-A440-4F7D-A221-E425D8A56698}.Debug|Any CPU.Build.0 = Debug|Any CPU
		{81D95A39-A440-4F7D-A221-E425D8A56698}.Release|Any CPU.ActiveCfg = Release|Any CPU
		{81D95A39-A440-4F7D-A221-E425D8A56698}.Release|Any CPU.Build.0 = Release|Any CPU
		{5A0F61D2-8003-41E3-8AB2-5F1711079268}.Debug|Any CPU.ActiveCfg = Debug|Any CPU
		{5A0F61D2-8003-41E3-8AB2-5F1711079268}.Debug|Any CPU.Build.0 = Debug|Any CPU
		{5A0F61D2-8003-41E3-8AB2-5F1711079268}.Release|Any CPU.ActiveCfg = Release|Any CPU
		{5A0F61D2-8003-41E3-8AB2-5F1711079268}.Release|Any CPU.Build.0 = Release|Any CPU
	EndGlobalSection
	GlobalSection(SolutionProperties) = preSolution
		HideSolutionNode = FALSE
	EndGlobalSection
	GlobalSection(ExtensibilityGlobals) = postSolution
		SolutionGuid = {AEBCEAE1-A9B8-425E-BF49-2E1625E95372}
	EndGlobalSection
EndGlobal
